
Microsoft Visual Studio Solution File, Format Version 12.00
# Visual Studio Version 17
VisualStudioVersion = 17.10.34928.147
MinimumVisualStudioVersion = 10.0.40219.1
Project("{9A19103F-16F7-4668-BE54-9A1E7A4F7556}") = "StackAndQueuePrj", "StackAndQueuePrj\StackAndQueuePrj.csproj", "{FF04AC2F-55F7-4A0E-915B-D0B2054C572F}"
EndProject
Project("{FAE04EC0-301F-11D3-BF4B-00C04F79EFBC}") = "StackAndQueueTests", "StackAndQueueTests\StackAndQueueTests.csproj", "{45402C7F-F883-4C95-88FE-936428E39D6A}"
EndProject
Global
	GlobalSection(SolutionConfigurationPlatforms) = preSolution
		Debug|Any CPU = Debug|Any CPU
		Release|Any CPU = Release|Any CPU
	EndGlobalSection
	GlobalSection(ProjectConfigurationPlatforms) = postSolution
		{FF04AC2F-55F7-4A0E-915B-D0B2054C572F}.Debug|Any CPU.ActiveCfg = Debug|Any CPU
		{FF04AC2F-55F7-4A0E-915B-D0B2054C572F}.Debug|Any CPU.Build.0 = Debug|Any CPU
		{FF04AC2F-55F7-4A0E-915B-D0B2054C572F}.Release|Any CPU.ActiveCfg = Release|Any CPU
		{FF04AC2F-55F7-4A0E-915B-D0B2054C572F}.Release|Any CPU.Build.0 = Release|Any CPU
		{45402C7F-F883-4C95-88FE-936428E39D6A}.Debug|Any CPU.ActiveCfg = Debug|Any CPU
		{45402C7F-F883-4C95-88FE-936428E39D6A}.Debug|Any CPU.Build.0 = Debug|Any CPU
		{45402C7F-F883-4C95-88FE-936428E39D6A}.Release|Any CPU.ActiveCfg = Release|Any CPU
		{45402C7F-F883-4C95-88FE-936428E39D6A}.Release|Any CPU.Build.0 = Release|Any CPU
	EndGlobalSection
	GlobalSection(SolutionProperties) = preSolution
		HideSolutionNode = FALSE
	EndGlobalSection
	GlobalSection(ExtensibilityGlobals) = postSolution
		SolutionGuid = {280641BC-210E-44B1-A318-A174859AFA90}
	EndGlobalSection
EndGlobal
