
Microsoft Visual Studio Solution File, Format Version 12.00
# Visual Studio Version 17
VisualStudioVersion = 17.10.34928.147
MinimumVisualStudioVersion = 10.0.40219.1
Project("{FAE04EC0-301F-11D3-BF4B-00C04F79EFBC}") = "CommomElementsTests", "CommomElementsTests\CommomElementsTests.csproj", "{7EB2E1AE-DCF3-464E-B445-44A42398F397}"
EndProject
Project("{FAE04EC0-301F-11D3-BF4B-00C04F79EFBC}") = "CommonElements", "CommonElements\CommonElements.csproj", "{23C1B7E1-DD93-4A17-9356-7A01EBA72095}"
EndProject
Global
	GlobalSection(SolutionConfigurationPlatforms) = preSolution
		Debug|Any CPU = Debug|Any CPU
		Release|Any CPU = Release|Any CPU
	EndGlobalSection
	GlobalSection(ProjectConfigurationPlatforms) = postSolution
		{7EB2E1AE-DCF3-464E-B445-44A42398F397}.Debug|Any CPU.ActiveCfg = Debug|Any CPU
		{7EB2E1AE-DCF3-464E-B445-44A42398F397}.Debug|Any CPU.Build.0 = Debug|Any CPU
		{7EB2E1AE-DCF3-464E-B445-44A42398F397}.Release|Any CPU.ActiveCfg = Release|Any CPU
		{7EB2E1AE-DCF3-464E-B445-44A42398F397}.Release|Any CPU.Build.0 = Release|Any CPU
		{23C1B7E1-DD93-4A17-9356-7A01EBA72095}.Debug|Any CPU.ActiveCfg = Debug|Any CPU
		{23C1B7E1-DD93-4A17-9356-7A01EBA72095}.Debug|Any CPU.Build.0 = Debug|Any CPU
		{23C1B7E1-DD93-4A17-9356-7A01EBA72095}.Release|Any CPU.ActiveCfg = Release|Any CPU
		{23C1B7E1-DD93-4A17-9356-7A01EBA72095}.Release|Any CPU.Build.0 = Release|Any CPU
	EndGlobalSection
	GlobalSection(SolutionProperties) = preSolution
		HideSolutionNode = FALSE
	EndGlobalSection
	GlobalSection(ExtensibilityGlobals) = postSolution
		SolutionGuid = {C9C20EA4-2408-4FAF-93BE-D6899FA8CC41}
	EndGlobalSection
EndGlobal
