
Microsoft Visual Studio Solution File, Format Version 12.00
# Visual Studio Version 17
VisualStudioVersion = 17.10.34928.147
MinimumVisualStudioVersion = 10.0.40219.1
Project("{FAE04EC0-301F-11D3-BF4B-00C04F79EFBC}") = "LinkedListProject", "LinkedListProject\LinkedListProject.csproj", "{9E357001-7AE7-4C71-9E92-D61791C038BE}"
EndProject
Project("{FAE04EC0-301F-11D3-BF4B-00C04F79EFBC}") = "Linked.List.Tests", "Linked.List.Tests\Linked.List.Tests.csproj", "{61AEDDC4-D1A0-48AE-9291-C498BF12F4C5}"
EndProject
Global
	GlobalSection(SolutionConfigurationPlatforms) = preSolution
		Debug|Any CPU = Debug|Any CPU
		Release|Any CPU = Release|Any CPU
	EndGlobalSection
	GlobalSection(ProjectConfigurationPlatforms) = postSolution
		{9E357001-7AE7-4C71-9E92-D61791C038BE}.Debug|Any CPU.ActiveCfg = Debug|Any CPU
		{9E357001-7AE7-4C71-9E92-D61791C038BE}.Debug|Any CPU.Build.0 = Debug|Any CPU
		{9E357001-7AE7-4C71-9E92-D61791C038BE}.Release|Any CPU.ActiveCfg = Release|Any CPU
		{9E357001-7AE7-4C71-9E92-D61791C038BE}.Release|Any CPU.Build.0 = Release|Any CPU
		{61AEDDC4-D1A0-48AE-9291-C498BF12F4C5}.Debug|Any CPU.ActiveCfg = Debug|Any CPU
		{61AEDDC4-D1A0-48AE-9291-C498BF12F4C5}.Debug|Any CPU.Build.0 = Debug|Any CPU
		{61AEDDC4-D1A0-48AE-9291-C498BF12F4C5}.Release|Any CPU.ActiveCfg = Release|Any CPU
		{61AEDDC4-D1A0-48AE-9291-C498BF12F4C5}.Release|Any CPU.Build.0 = Release|Any CPU
	EndGlobalSection
	GlobalSection(SolutionProperties) = preSolution
		HideSolutionNode = FALSE
	EndGlobalSection
	GlobalSection(ExtensibilityGlobals) = postSolution
		SolutionGuid = {3AF3D4C5-71D9-41A9-A7DE-5E8074AB5464}
	EndGlobalSection
EndGlobal
